
Microsoft Visual Studio Solution File, Format Version 12.00
# Visual Studio Version 17
VisualStudioVersion = 17.9.34714.143
MinimumVisualStudioVersion = 10.0.40219.1
Project("{FAE04EC0-301F-11D3-BF4B-00C04F79EFBC}") = "01. Hello SoftUni", "Hello SoftUni\01. Hello SoftUni.csproj", "{BB5CDD1D-B3DC-45FE-BF66-E0E37AD1329E}"
EndProject
Project("{FAE04EC0-301F-11D3-BF4B-00C04F79EFBC}") = "02. Nums 1-10", "02. Nums 1-10\02. Nums 1-10.csproj", "{65AA2440-3800-4567-AC42-8CA41AC91AAF}"
EndProject
Project("{FAE04EC0-301F-11D3-BF4B-00C04F79EFBC}") = "03. Rectangle Area", "Rectangle Area\03. Rectangle Area.csproj", "{4DE2814E-ED52-412B-9F72-6B5C0F7B4AAA}"
EndProject
Project("{FAE04EC0-301F-11D3-BF4B-00C04F79EFBC}") = "04. Inches to Centimeters", "04. Inches to Centimeters\04. Inches to Centimeters.csproj", "{86F6BC8E-96CB-4C47-9FBA-133AB91D5B08}"
EndProject
Project("{FAE04EC0-301F-11D3-BF4B-00C04F79EFBC}") = "05. Greeting by Name", "05. Greeting by Name\05. Greeting by Name.csproj", "{9C17054A-7AB5-49FB-873A-81078154B74A}"
EndProject
Project("{FAE04EC0-301F-11D3-BF4B-00C04F79EFBC}") = "06. Concatenate Data", "06. Concatenate Data\06. Concatenate Data.csproj", "{0E162D66-2ACE-4DBF-9042-4262D5329A59}"
EndProject
Project("{FAE04EC0-301F-11D3-BF4B-00C04F79EFBC}") = "07. Projects Creation", "07. Projects Creation\07. Projects Creation.csproj", "{EBCFE998-F51D-4241-9E9B-275DCBABA507}"
EndProject
Project("{FAE04EC0-301F-11D3-BF4B-00C04F79EFBC}") = "08. Pet Shop", "08. Pet Shop\08. Pet Shop.csproj", "{AB5564D3-229B-451D-9CB5-526524CF2BB5}"
EndProject
Project("{FAE04EC0-301F-11D3-BF4B-00C04F79EFBC}") = "09. Yard Greening", "09. Yard Greening\09. Yard Greening.csproj", "{84B1BB80-932F-4078-8BB4-8E3186EACEBC}"
EndProject
Global
	GlobalSection(SolutionConfigurationPlatforms) = preSolution
		Debug|Any CPU = Debug|Any CPU
		Release|Any CPU = Release|Any CPU
	EndGlobalSection
	GlobalSection(ProjectConfigurationPlatforms) = postSolution
		{BB5CDD1D-B3DC-45FE-BF66-E0E37AD1329E}.Debug|Any CPU.ActiveCfg = Debug|Any CPU
		{BB5CDD1D-B3DC-45FE-BF66-E0E37AD1329E}.Debug|Any CPU.Build.0 = Debug|Any CPU
		{BB5CDD1D-B3DC-45FE-BF66-E0E37AD1329E}.Release|Any CPU.ActiveCfg = Release|Any CPU
		{BB5CDD1D-B3DC-45FE-BF66-E0E37AD1329E}.Release|Any CPU.Build.0 = Release|Any CPU
		{65AA2440-3800-4567-AC42-8CA41AC91AAF}.Debug|Any CPU.ActiveCfg = Debug|Any CPU
		{65AA2440-3800-4567-AC42-8CA41AC91AAF}.Debug|Any CPU.Build.0 = Debug|Any CPU
		{65AA2440-3800-4567-AC42-8CA41AC91AAF}.Release|Any CPU.ActiveCfg = Release|Any CPU
		{65AA2440-3800-4567-AC42-8CA41AC91AAF}.Release|Any CPU.Build.0 = Release|Any CPU
		{4DE2814E-ED52-412B-9F72-6B5C0F7B4AAA}.Debug|Any CPU.ActiveCfg = Debug|Any CPU
		{4DE2814E-ED52-412B-9F72-6B5C0F7B4AAA}.Debug|Any CPU.Build.0 = Debug|Any CPU
		{4DE2814E-ED52-412B-9F72-6B5C0F7B4AAA}.Release|Any CPU.ActiveCfg = Release|Any CPU
		{4DE2814E-ED52-412B-9F72-6B5C0F7B4AAA}.Release|Any CPU.Build.0 = Release|Any CPU
		{86F6BC8E-96CB-4C47-9FBA-133AB91D5B08}.Debug|Any CPU.ActiveCfg = Debug|Any CPU
		{86F6BC8E-96CB-4C47-9FBA-133AB91D5B08}.Debug|Any CPU.Build.0 = Debug|Any CPU
		{86F6BC8E-96CB-4C47-9FBA-133AB91D5B08}.Release|Any CPU.ActiveCfg = Release|Any CPU
		{86F6BC8E-96CB-4C47-9FBA-133AB91D5B08}.Release|Any CPU.Build.0 = Release|Any CPU
		{9C17054A-7AB5-49FB-873A-81078154B74A}.Debug|Any CPU.ActiveCfg = Debug|Any CPU
		{9C17054A-7AB5-49FB-873A-81078154B74A}.Debug|Any CPU.Build.0 = Debug|Any CPU
		{9C17054A-7AB5-49FB-873A-81078154B74A}.Release|Any CPU.ActiveCfg = Release|Any CPU
		{9C17054A-7AB5-49FB-873A-81078154B74A}.Release|Any CPU.Build.0 = Release|Any CPU
		{0E162D66-2ACE-4DBF-9042-4262D5329A59}.Debug|Any CPU.ActiveCfg = Debug|Any CPU
		{0E162D66-2ACE-4DBF-9042-4262D5329A59}.Debug|Any CPU.Build.0 = Debug|Any CPU
		{0E162D66-2ACE-4DBF-9042-4262D5329A59}.Release|Any CPU.ActiveCfg = Release|Any CPU
		{0E162D66-2ACE-4DBF-9042-4262D5329A59}.Release|Any CPU.Build.0 = Release|Any CPU
		{EBCFE998-F51D-4241-9E9B-275DCBABA507}.Debug|Any CPU.ActiveCfg = Debug|Any CPU
		{EBCFE998-F51D-4241-9E9B-275DCBABA507}.Debug|Any CPU.Build.0 = Debug|Any CPU
		{EBCFE998-F51D-4241-9E9B-275DCBABA507}.Release|Any CPU.ActiveCfg = Release|Any CPU
		{EBCFE998-F51D-4241-9E9B-275DCBABA507}.Release|Any CPU.Build.0 = Release|Any CPU
		{AB5564D3-229B-451D-9CB5-526524CF2BB5}.Debug|Any CPU.ActiveCfg = Debug|Any CPU
		{AB5564D3-229B-451D-9CB5-526524CF2BB5}.Debug|Any CPU.Build.0 = Debug|Any CPU
		{AB5564D3-229B-451D-9CB5-526524CF2BB5}.Release|Any CPU.ActiveCfg = Release|Any CPU
		{AB5564D3-229B-451D-9CB5-526524CF2BB5}.Release|Any CPU.Build.0 = Release|Any CPU
		{84B1BB80-932F-4078-8BB4-8E3186EACEBC}.Debug|Any CPU.ActiveCfg = Debug|Any CPU
		{84B1BB80-932F-4078-8BB4-8E3186EACEBC}.Debug|Any CPU.Build.0 = Debug|Any CPU
		{84B1BB80-932F-4078-8BB4-8E3186EACEBC}.Release|Any CPU.ActiveCfg = Release|Any CPU
		{84B1BB80-932F-4078-8BB4-8E3186EACEBC}.Release|Any CPU.Build.0 = Release|Any CPU
	EndGlobalSection
	GlobalSection(SolutionProperties) = preSolution
		HideSolutionNode = FALSE
	EndGlobalSection
	GlobalSection(ExtensibilityGlobals) = postSolution
		SolutionGuid = {5A890CA5-58CD-4E2C-B11A-A938A2F9A8B0}
	EndGlobalSection
EndGlobal
